// !$*UTF8*$!
{
	archiveVersion = 1;
	classes = {
	};
	objectVersion = 56;
	objects = {

/* Begin PBXBuildFile section */
		179DC1C92C71101C001B77DF /* LocationPreviewView.swift in Sources */ = {isa = PBXBuildFile; fileRef = 179DC1C82C71101C001B77DF /* LocationPreviewView.swift */; };
		17A05DCC2C6E5A0700428253 /* LupaRecifenseApp.swift in Sources */ = {isa = PBXBuildFile; fileRef = 17A05DCB2C6E5A0700428253 /* LupaRecifenseApp.swift */; };
		17A05DCE2C6E5A0700428253 /* ContentView.swift in Sources */ = {isa = PBXBuildFile; fileRef = 17A05DCD2C6E5A0700428253 /* ContentView.swift */; };
		17A05DD02C6E5A0800428253 /* Assets.xcassets in Resources */ = {isa = PBXBuildFile; fileRef = 17A05DCF2C6E5A0800428253 /* Assets.xcassets */; };
		17A05DD32C6E5A0800428253 /* Preview Assets.xcassets in Resources */ = {isa = PBXBuildFile; fileRef = 17A05DD22C6E5A0800428253 /* Preview Assets.xcassets */; };
		17A05DDE2C6E5B5100428253 /* LocationsDataService.swift in Sources */ = {isa = PBXBuildFile; fileRef = 17A05DDD2C6E5B5100428253 /* LocationsDataService.swift */; };
		17A05DE22C6E5B9700428253 /* Location.swift in Sources */ = {isa = PBXBuildFile; fileRef = 17A05DE12C6E5B9700428253 /* Location.swift */; };
		17A05DE62C6E5F6E00428253 /* LocationsView.swift in Sources */ = {isa = PBXBuildFile; fileRef = 17A05DE52C6E5F6E00428253 /* LocationsView.swift */; };
		17A05DE82C6E60B000428253 /* LocationsViewModel.swift in Sources */ = {isa = PBXBuildFile; fileRef = 17A05DE72C6E60B000428253 /* LocationsViewModel.swift */; };
/* End PBXBuildFile section */

/* Begin PBXFileReference section */
		179DC1C82C71101C001B77DF /* LocationPreviewView.swift */ = {isa = PBXFileReference; lastKnownFileType = sourcecode.swift; path = LocationPreviewView.swift; sourceTree = "<group>"; };
		17A05DC82C6E5A0700428253 /* LupaRecifense.app */ = {isa = PBXFileReference; explicitFileType = wrapper.application; includeInIndex = 0; path = LupaRecifense.app; sourceTree = BUILT_PRODUCTS_DIR; };
		17A05DCB2C6E5A0700428253 /* LupaRecifenseApp.swift */ = {isa = PBXFileReference; lastKnownFileType = sourcecode.swift; path = LupaRecifenseApp.swift; sourceTree = "<group>"; };
		17A05DCD2C6E5A0700428253 /* ContentView.swift */ = {isa = PBXFileReference; lastKnownFileType = sourcecode.swift; path = ContentView.swift; sourceTree = "<group>"; };
		17A05DCF2C6E5A0800428253 /* Assets.xcassets */ = {isa = PBXFileReference; lastKnownFileType = folder.assetcatalog; path = Assets.xcassets; sourceTree = "<group>"; };
		17A05DD22C6E5A0800428253 /* Preview Assets.xcassets */ = {isa = PBXFileReference; lastKnownFileType = folder.assetcatalog; path = "Preview Assets.xcassets"; sourceTree = "<group>"; };
		17A05DDD2C6E5B5100428253 /* LocationsDataService.swift */ = {isa = PBXFileReference; lastKnownFileType = sourcecode.swift; path = LocationsDataService.swift; sourceTree = "<group>"; };
		17A05DE12C6E5B9700428253 /* Location.swift */ = {isa = PBXFileReference; lastKnownFileType = sourcecode.swift; path = Location.swift; sourceTree = "<group>"; };
		17A05DE52C6E5F6E00428253 /* LocationsView.swift */ = {isa = PBXFileReference; lastKnownFileType = sourcecode.swift; path = LocationsView.swift; sourceTree = "<group>"; };
		17A05DE72C6E60B000428253 /* LocationsViewModel.swift */ = {isa = PBXFileReference; lastKnownFileType = sourcecode.swift; path = LocationsViewModel.swift; sourceTree = "<group>"; };
/* End PBXFileReference section */

/* Begin PBXFrameworksBuildPhase section */
		17A05DC52C6E5A0700428253 /* Frameworks */ = {
			isa = PBXFrameworksBuildPhase;
			buildActionMask = 2147483647;
			files = (
			);
			runOnlyForDeploymentPostprocessing = 0;
		};
/* End PBXFrameworksBuildPhase section */

/* Begin PBXGroup section */
		17A05DBF2C6E5A0700428253 = {
			isa = PBXGroup;
			children = (
				17A05DCA2C6E5A0700428253 /* LupaRecifense */,
				17A05DC92C6E5A0700428253 /* Products */,
			);
			sourceTree = "<group>";
		};
		17A05DC92C6E5A0700428253 /* Products */ = {
			isa = PBXGroup;
			children = (
				17A05DC82C6E5A0700428253 /* LupaRecifense.app */,
			);
			name = Products;
			sourceTree = "<group>";
		};
		17A05DCA2C6E5A0700428253 /* LupaRecifense */ = {
			isa = PBXGroup;
			children = (
				17A05DCB2C6E5A0700428253 /* LupaRecifenseApp.swift */,
				17A05DCD2C6E5A0700428253 /* ContentView.swift */,
				17A05DDB2C6E5AF400428253 /* DataServices */,
				17A05DD92C6E5AE100428253 /* Views */,
				17A05DDC2C6E5AFF00428253 /* ViewModels */,
				17A05DDA2C6E5AEE00428253 /* Models */,
				17A05DCF2C6E5A0800428253 /* Assets.xcassets */,
				17A05DD12C6E5A0800428253 /* Preview Content */,
			);
			path = LupaRecifense;
			sourceTree = "<group>";
		};
		17A05DD12C6E5A0800428253 /* Preview Content */ = {
			isa = PBXGroup;
			children = (
				17A05DD22C6E5A0800428253 /* Preview Assets.xcassets */,
			);
			path = "Preview Content";
			sourceTree = "<group>";
		};
		17A05DD92C6E5AE100428253 /* Views */ = {
			isa = PBXGroup;
			children = (
				17A05DE52C6E5F6E00428253 /* LocationsView.swift */,
				179DC1C82C71101C001B77DF /* LocationPreviewView.swift */,
			);
			path = Views;
			sourceTree = "<group>";
		};
		17A05DDA2C6E5AEE00428253 /* Models */ = {
			isa = PBXGroup;
			children = (
				17A05DE12C6E5B9700428253 /* Location.swift */,
			);
			path = Models;
			sourceTree = "<group>";
		};
		17A05DDB2C6E5AF400428253 /* DataServices */ = {
			isa = PBXGroup;
			children = (
				17A05DDD2C6E5B5100428253 /* LocationsDataService.swift */,
			);
			path = DataServices;
			sourceTree = "<group>";
		};
		17A05DDC2C6E5AFF00428253 /* ViewModels */ = {
			isa = PBXGroup;
			children = (
				17A05DE72C6E60B000428253 /* LocationsViewModel.swift */,
			);
			path = ViewModels;
			sourceTree = "<group>";
		};
/* End PBXGroup section */

/* Begin PBXNativeTarget section */
		17A05DC72C6E5A0700428253 /* LupaRecifense */ = {
			isa = PBXNativeTarget;
			buildConfigurationList = 17A05DD62C6E5A0800428253 /* Build configuration list for PBXNativeTarget "LupaRecifense" */;
			buildPhases = (
				17A05DC42C6E5A0700428253 /* Sources */,
				17A05DC52C6E5A0700428253 /* Frameworks */,
				17A05DC62C6E5A0700428253 /* Resources */,
			);
			buildRules = (
			);
			dependencies = (
			);
			name = LupaRecifense;
			productName = LupaRecifense;
			productReference = 17A05DC82C6E5A0700428253 /* LupaRecifense.app */;
			productType = "com.apple.product-type.application";
		};
/* End PBXNativeTarget section */

/* Begin PBXProject section */
		17A05DC02C6E5A0700428253 /* Project object */ = {
			isa = PBXProject;
			attributes = {
				BuildIndependentTargetsInParallel = 1;
				LastSwiftUpdateCheck = 1540;
				LastUpgradeCheck = 1540;
				TargetAttributes = {
					17A05DC72C6E5A0700428253 = {
						CreatedOnToolsVersion = 15.4;
					};
				};
			};
			buildConfigurationList = 17A05DC32C6E5A0700428253 /* Build configuration list for PBXProject "LupaRecifense" */;
			compatibilityVersion = "Xcode 14.0";
			developmentRegion = en;
			hasScannedForEncodings = 0;
			knownRegions = (
				en,
				Base,
			);
			mainGroup = 17A05DBF2C6E5A0700428253;
			productRefGroup = 17A05DC92C6E5A0700428253 /* Products */;
			projectDirPath = "";
			projectRoot = "";
			targets = (
				17A05DC72C6E5A0700428253 /* LupaRecifense */,
			);
		};
/* End PBXProject section */

/* Begin PBXResourcesBuildPhase section */
		17A05DC62C6E5A0700428253 /* Resources */ = {
			isa = PBXResourcesBuildPhase;
			buildActionMask = 2147483647;
			files = (
				17A05DD32C6E5A0800428253 /* Preview Assets.xcassets in Resources */,
				17A05DD02C6E5A0800428253 /* Assets.xcassets in Resources */,
			);
			runOnlyForDeploymentPostprocessing = 0;
		};
/* End PBXResourcesBuildPhase section */

/* Begin PBXSourcesBuildPhase section */
		17A05DC42C6E5A0700428253 /* Sources */ = {
			isa = PBXSourcesBuildPhase;
			buildActionMask = 2147483647;
			files = (
				17A05DCE2C6E5A0700428253 /* ContentView.swift in Sources */,
				17A05DE82C6E60B000428253 /* LocationsViewModel.swift in Sources */,
				17A05DCC2C6E5A0700428253 /* LupaRecifenseApp.swift in Sources */,
				17A05DE62C6E5F6E00428253 /* LocationsView.swift in Sources */,
				179DC1C92C71101C001B77DF /* LocationPreviewView.swift in Sources */,
				17A05DE22C6E5B9700428253 /* Location.swift in Sources */,
				17A05DDE2C6E5B5100428253 /* LocationsDataService.swift in Sources */,
			);
			runOnlyForDeploymentPostprocessing = 0;
		};
/* End PBXSourcesBuildPhase section */

/* Begin XCBuildConfiguration section */
		17A05DD42C6E5A0800428253 /* Debug */ = {
			isa = XCBuildConfiguration;
			buildSettings = {
				ALWAYS_SEARCH_USER_PATHS = NO;
				ASSETCATALOG_COMPILER_GENERATE_SWIFT_ASSET_SYMBOL_EXTENSIONS = YES;
				CLANG_ANALYZER_NONNULL = YES;
				CLANG_ANALYZER_NUMBER_OBJECT_CONVERSION = YES_AGGRESSIVE;
				CLANG_CXX_LANGUAGE_STANDARD = "gnu++20";
				CLANG_ENABLE_MODULES = YES;
				CLANG_ENABLE_OBJC_ARC = YES;
				CLANG_ENABLE_OBJC_WEAK = YES;
				CLANG_WARN_BLOCK_CAPTURE_AUTORELEASING = YES;
				CLANG_WARN_BOOL_CONVERSION = YES;
				CLANG_WARN_COMMA = YES;
				CLANG_WARN_CONSTANT_CONVERSION = YES;
				CLANG_WARN_DEPRECATED_OBJC_IMPLEMENTATIONS = YES;
				CLANG_WARN_DIRECT_OBJC_ISA_USAGE = YES_ERROR;
				CLANG_WARN_DOCUMENTATION_COMMENTS = YES;
				CLANG_WARN_EMPTY_BODY = YES;
				CLANG_WARN_ENUM_CONVERSION = YES;
				CLANG_WARN_INFINITE_RECURSION = YES;
				CLANG_WARN_INT_CONVERSION = YES;
				CLANG_WARN_NON_LITERAL_NULL_CONVERSION = YES;
				CLANG_WARN_OBJC_IMPLICIT_RETAIN_SELF = YES;
				CLANG_WARN_OBJC_LITERAL_CONVERSION = YES;
				CLANG_WARN_OBJC_ROOT_CLASS = YES_ERROR;
				CLANG_WARN_QUOTED_INCLUDE_IN_FRAMEWORK_HEADER = YES;
				CLANG_WARN_RANGE_LOOP_ANALYSIS = YES;
				CLANG_WARN_STRICT_PROTOTYPES = YES;
				CLANG_WARN_SUSPICIOUS_MOVE = YES;
				CLANG_WARN_UNGUARDED_AVAILABILITY = YES_AGGRESSIVE;
				CLANG_WARN_UNREACHABLE_CODE = YES;
				CLANG_WARN__DUPLICATE_METHOD_MATCH = YES;
				COPY_PHASE_STRIP = NO;
				DEBUG_INFORMATION_FORMAT = dwarf;
				ENABLE_STRICT_OBJC_MSGSEND = YES;
				ENABLE_TESTABILITY = YES;
				ENABLE_USER_SCRIPT_SANDBOXING = YES;
				GCC_C_LANGUAGE_STANDARD = gnu17;
				GCC_DYNAMIC_NO_PIC = NO;
				GCC_NO_COMMON_BLOCKS = YES;
				GCC_OPTIMIZATION_LEVEL = 0;
				GCC_PREPROCESSOR_DEFINITIONS = (
					"DEBUG=1",
					"$(inherited)",
				);
				GCC_WARN_64_TO_32_BIT_CONVERSION = YES;
				GCC_WARN_ABOUT_RETURN_TYPE = YES_ERROR;
				GCC_WARN_UNDECLARED_SELECTOR = YES;
				GCC_WARN_UNINITIALIZED_AUTOS = YES_AGGRESSIVE;
				GCC_WARN_UNUSED_FUNCTION = YES;
				GCC_WARN_UNUSED_VARIABLE = YES;
				IPHONEOS_DEPLOYMENT_TARGET = 17.5;
				LOCALIZATION_PREFERS_STRING_CATALOGS = YES;
				MTL_ENABLE_DEBUG_INFO = INCLUDE_SOURCE;
				MTL_FAST_MATH = YES;
				ONLY_ACTIVE_ARCH = YES;
				SDKROOT = iphoneos;
				SWIFT_ACTIVE_COMPILATION_CONDITIONS = "DEBUG $(inherited)";
				SWIFT_OPTIMIZATION_LEVEL = "-Onone";
			};
			name = Debug;
		};
		17A05DD52C6E5A0800428253 /* Release */ = {
			isa = XCBuildConfiguration;
			buildSettings = {
				ALWAYS_SEARCH_USER_PATHS = NO;
				ASSETCATALOG_COMPILER_GENERATE_SWIFT_ASSET_SYMBOL_EXTENSIONS = YES;
				CLANG_ANALYZER_NONNULL = YES;
				CLANG_ANALYZER_NUMBER_OBJECT_CONVERSION = YES_AGGRESSIVE;
				CLANG_CXX_LANGUAGE_STANDARD = "gnu++20";
				CLANG_ENABLE_MODULES = YES;
				CLANG_ENABLE_OBJC_ARC = YES;
				CLANG_ENABLE_OBJC_WEAK = YES;
				CLANG_WARN_BLOCK_CAPTURE_AUTORELEASING = YES;
				CLANG_WARN_BOOL_CONVERSION = YES;
				CLANG_WARN_COMMA = YES;
				CLANG_WARN_CONSTANT_CONVERSION = YES;
				CLANG_WARN_DEPRECATED_OBJC_IMPLEMENTATIONS = YES;
				CLANG_WARN_DIRECT_OBJC_ISA_USAGE = YES_ERROR;
				CLANG_WARN_DOCUMENTATION_COMMENTS = YES;
				CLANG_WARN_EMPTY_BODY = YES;
				CLANG_WARN_ENUM_CONVERSION = YES;
				CLANG_WARN_INFINITE_RECURSION = YES;
				CLANG_WARN_INT_CONVERSION = YES;
				CLANG_WARN_NON_LITERAL_NULL_CONVERSION = YES;
				CLANG_WARN_OBJC_IMPLICIT_RETAIN_SELF = YES;
				CLANG_WARN_OBJC_LITERAL_CONVERSION = YES;
				CLANG_WARN_OBJC_ROOT_CLASS = YES_ERROR;
				CLANG_WARN_QUOTED_INCLUDE_IN_FRAMEWORK_HEADER = YES;
				CLANG_WARN_RANGE_LOOP_ANALYSIS = YES;
				CLANG_WARN_STRICT_PROTOTYPES = YES;
				CLANG_WARN_SUSPICIOUS_MOVE = YES;
				CLANG_WARN_UNGUARDED_AVAILABILITY = YES_AGGRESSIVE;
				CLANG_WARN_UNREACHABLE_CODE = YES;
				CLANG_WARN__DUPLICATE_METHOD_MATCH = YES;
				COPY_PHASE_STRIP = NO;
				DEBUG_INFORMATION_FORMAT = "dwarf-with-dsym";
				ENABLE_NS_ASSERTIONS = NO;
				ENABLE_STRICT_OBJC_MSGSEND = YES;
				ENABLE_USER_SCRIPT_SANDBOXING = YES;
				GCC_C_LANGUAGE_STANDARD = gnu17;
				GCC_NO_COMMON_BLOCKS = YES;
				GCC_WARN_64_TO_32_BIT_CONVERSION = YES;
				GCC_WARN_ABOUT_RETURN_TYPE = YES_ERROR;
				GCC_WARN_UNDECLARED_SELECTOR = YES;
				GCC_WARN_UNINITIALIZED_AUTOS = YES_AGGRESSIVE;
				GCC_WARN_UNUSED_FUNCTION = YES;
				GCC_WARN_UNUSED_VARIABLE = YES;
				IPHONEOS_DEPLOYMENT_TARGET = 17.5;
				LOCALIZATION_PREFERS_STRING_CATALOGS = YES;
				MTL_ENABLE_DEBUG_INFO = NO;
				MTL_FAST_MATH = YES;
				SDKROOT = iphoneos;
				SWIFT_COMPILATION_MODE = wholemodule;
				VALIDATE_PRODUCT = YES;
			};
			name = Release;
		};
		17A05DD72C6E5A0800428253 /* Debug */ = {
			isa = XCBuildConfiguration;
			buildSettings = {
				ASSETCATALOG_COMPILER_APPICON_NAME = AppIcon;
				ASSETCATALOG_COMPILER_GLOBAL_ACCENT_COLOR_NAME = AccentColor;
				CODE_SIGN_STYLE = Automatic;
				CURRENT_PROJECT_VERSION = 1;
				DEVELOPMENT_ASSET_PATHS = "\"LupaRecifense/Preview Content\"";
				DEVELOPMENT_TEAM = 57YNQZ8RV5;
				ENABLE_PREVIEWS = YES;
				GENERATE_INFOPLIST_FILE = YES;
				INFOPLIST_KEY_CFBundleDisplayName = Lupa;
				INFOPLIST_KEY_UIApplicationSceneManifest_Generation = YES;
				INFOPLIST_KEY_UIApplicationSupportsIndirectInputEvents = YES;
				INFOPLIST_KEY_UILaunchScreen_Generation = YES;
				INFOPLIST_KEY_UISupportedInterfaceOrientations_iPad = "UIInterfaceOrientationPortrait UIInterfaceOrientationPortraitUpsideDown UIInterfaceOrientationLandscapeLeft UIInterfaceOrientationLandscapeRight";
				INFOPLIST_KEY_UISupportedInterfaceOrientations_iPhone = "UIInterfaceOrientationPortrait UIInterfaceOrientationLandscapeLeft UIInterfaceOrientationLandscapeRight";
				LD_RUNPATH_SEARCH_PATHS = (
					"$(inherited)",
					"@executable_path/Frameworks",
				);
				MARKETING_VERSION = 1.0;
				PRODUCT_BUNDLE_IDENTIFIER = mrms.LupaRecifense;
				PRODUCT_NAME = "$(TARGET_NAME)";
				SWIFT_EMIT_LOC_STRINGS = YES;
				SWIFT_VERSION = 5.0;
				TARGETED_DEVICE_FAMILY = "1,2";
			};
			name = Debug;
		};
		17A05DD82C6E5A0800428253 /* Release */ = {
			isa = XCBuildConfiguration;
			buildSettings = {
				ASSETCATALOG_COMPILER_APPICON_NAME = AppIcon;
				ASSETCATALOG_COMPILER_GLOBAL_ACCENT_COLOR_NAME = AccentColor;
				CODE_SIGN_STYLE = Automatic;
				CURRENT_PROJECT_VERSION = 1;
				DEVELOPMENT_ASSET_PATHS = "\"LupaRecifense/Preview Content\"";
				DEVELOPMENT_TEAM = 57YNQZ8RV5;
				ENABLE_PREVIEWS = YES;
				GENERATE_INFOPLIST_FILE = YES;
				INFOPLIST_KEY_CFBundleDisplayName = Lupa;
				INFOPLIST_KEY_UIApplicationSceneManifest_Generation = YES;
				INFOPLIST_KEY_UIApplicationSupportsIndirectInputEvents = YES;
				INFOPLIST_KEY_UILaunchScreen_Generation = YES;
				INFOPLIST_KEY_UISupportedInterfaceOrientations_iPad = "UIInterfaceOrientationPortrait UIInterfaceOrientationPortraitUpsideDown UIInterfaceOrientationLandscapeLeft UIInterfaceOrientationLandscapeRight";
				INFOPLIST_KEY_UISupportedInterfaceOrientations_iPhone = "UIInterfaceOrientationPortrait UIInterfaceOrientationLandscapeLeft UIInterfaceOrientationLandscapeRight";
				LD_RUNPATH_SEARCH_PATHS = (
					"$(inherited)",
					"@executable_path/Frameworks",
				);
				MARKETING_VERSION = 1.0;
				PRODUCT_BUNDLE_IDENTIFIER = mrms.LupaRecifense;
				PRODUCT_NAME = "$(TARGET_NAME)";
				SWIFT_EMIT_LOC_STRINGS = YES;
				SWIFT_VERSION = 5.0;
				TARGETED_DEVICE_FAMILY = "1,2";
			};
			name = Release;
		};
/* End XCBuildConfiguration section */

/* Begin XCConfigurationList section */
		17A05DC32C6E5A0700428253 /* Build configuration list for PBXProject "LupaRecifense" */ = {
			isa = XCConfigurationList;
			buildConfigurations = (
				17A05DD42C6E5A0800428253 /* Debug */,
				17A05DD52C6E5A0800428253 /* Release */,
			);
			defaultConfigurationIsVisible = 0;
			defaultConfigurationName = Release;
		};
		17A05DD62C6E5A0800428253 /* Build configuration list for PBXNativeTarget "LupaRecifense" */ = {
			isa = XCConfigurationList;
			buildConfigurations = (
				17A05DD72C6E5A0800428253 /* Debug */,
				17A05DD82C6E5A0800428253 /* Release */,
			);
			defaultConfigurationIsVisible = 0;
			defaultConfigurationName = Release;
		};
/* End XCConfigurationList section */
	};
	rootObject = 17A05DC02C6E5A0700428253 /* Project object */;
}
